{
  "name": "thematic-core",
  "version": "1.0.0",
  "lockfileVersion": 1,
  "requires": true,
  "dependencies": {
    "@clr/icons": {
      "version": "0.11.19",
      "resolved": "https://registry.npmjs.org/@clr/icons/-/icons-0.11.19.tgz",
      "integrity": "sha1-UUvxJaYb+0p8C0c561+iwVgZ4ZU="
    },
    "@webcomponents/custom-elements": {
      "version": "1.1.1",
      "resolved": "https://registry.npmjs.org/@webcomponents/custom-elements/-/custom-elements-1.1.1.tgz",
      "integrity": "sha512-P3tu+yGrG5QTSDeKAzUmLK+JI3rORzj150PImH2MQtO0THkUwrP5yShQcHRHO3Y2rdJEKfEnen0XwyYt2+NKYg=="
    },
    "formbase": {
      "version": "6.0.4",
      "resolved": "https://registry.npmjs.org/formbase/-/formbase-6.0.4.tgz",
      "integrity": "sha512-Am+7Ap60anyZ1zj8b7crClxBC+5C9LUd9oqJkplgjRvXfskV8+j3rcZkJa+M4HT0xfe2ghAp+m1ovfVcRzf3Pg==",
      "dev": true
    },
    "gutenberg-css": {
      "version": "0.4.4",
      "resolved": "https://registry.npmjs.org/gutenberg-css/-/gutenberg-css-0.4.4.tgz",
      "integrity": "sha512-Ot5xeUKk3ohJ2+f2YvuJIq+euYAMrFG5ZS3p77V9AfHZuj3zjZ6MNKNDyKl2DFugHklkwFwZwrzpNC3RDGBujw==",
      "dev": true,
      "requires": {
        "normalize-scss": "7.0.0"
      }
    },
    "normalize-scss": {
      "version": "7.0.0",
      "resolved": "https://registry.npmjs.org/normalize-scss/-/normalize-scss-7.0.0.tgz",
      "integrity": "sha1-kuqsZVTMN2M2wGaCoNaiCZu7CIk=",
      "dev": true
    },
    "sanitize.css": {
      "version": "5.0.0",
      "resolved": "https://registry.npmjs.org/sanitize.css/-/sanitize.css-5.0.0.tgz",
      "integrity": "sha1-hBhLQGePcruImMdoonvnV4JXJxo=",
      "dev": true
    },
    "uikit": {
      "version": "3.0.0-rc.3",
      "resolved": "https://registry.npmjs.org/uikit/-/uikit-3.0.0-rc.3.tgz",
      "integrity": "sha512-2STS3x9afpTUSull+exl+c+RG34kQJnQj0+5hMLJq7ofGq6tD7hk0dhS1b55jW0LgjolN6fph8yF7wfNE90WwA=="
    }
  }
}
