{
  "name": "thematic-core",
  "version": "1.0.0",
  "lockfileVersion": 1,
  "requires": true,
  "dependencies": {
    "flexboxgrid": {
      "version": "6.3.1",
      "resolved": "https://registry.npmjs.org/flexboxgrid/-/flexboxgrid-6.3.1.tgz",
      "integrity": "sha1-6ZiYr8B7cEdyK7galYpfuk1OIP0=",
      "dev": true
    },
    "formbase": {
      "version": "6.0.3",
      "resolved": "https://registry.npmjs.org/formbase/-/formbase-6.0.3.tgz",
      "integrity": "sha512-d82uX/K4ePNa8sj2qMR6BGHpdPcTlbOzXWWP1gcuFEBbYFq8iku09JpB64Oq7+HBcRSZh6+EyDhAM3fJKghPGw==",
      "dev": true
    },
    "gutenberg-css": {
      "version": "0.4.4",
      "resolved": "https://registry.npmjs.org/gutenberg-css/-/gutenberg-css-0.4.4.tgz",
      "integrity": "sha512-Ot5xeUKk3ohJ2+f2YvuJIq+euYAMrFG5ZS3p77V9AfHZuj3zjZ6MNKNDyKl2DFugHklkwFwZwrzpNC3RDGBujw==",
      "dev": true,
      "requires": {
        "normalize-scss": "7.0.0"
      }
    },
    "normalize-scss": {
      "version": "7.0.0",
      "resolved": "https://registry.npmjs.org/normalize-scss/-/normalize-scss-7.0.0.tgz",
      "integrity": "sha1-kuqsZVTMN2M2wGaCoNaiCZu7CIk=",
      "dev": true
    },
    "sanitize.css": {
      "version": "5.0.0",
      "resolved": "https://registry.npmjs.org/sanitize.css/-/sanitize.css-5.0.0.tgz",
      "integrity": "sha1-hBhLQGePcruImMdoonvnV4JXJxo=",
      "dev": true
    },
    "tachyons": {
      "version": "4.9.1",
      "resolved": "https://registry.npmjs.org/tachyons/-/tachyons-4.9.1.tgz",
      "integrity": "sha512-trJFXhzDZeHRcd9Bqn6ub3e0VqGWKMsGdP7RJoT+8Ihoak41o1qCwqcFx8hsFlfFWa6a4jsb464TNXnTt+MPnw=="
    },
    "uikit": {
      "version": "3.0.0-beta.38",
      "resolved": "https://registry.npmjs.org/uikit/-/uikit-3.0.0-beta.38.tgz",
      "integrity": "sha512-hgJpqCE9A7ZNZAa4GTYBvaPGI+w8a7T8lQDMlOndFKBqhEkiJj+CfEDQ8WHQVcFsGHY37WV6KO9BVW92rz6DVA=="
    }
  }
}
