{
  "name": "thematic-core",
  "version": "1.0.0",
  "lockfileVersion": 1,
  "requires": true,
  "dependencies": {
    "flexboxgrid": {
      "version": "6.3.1",
      "resolved": "https://registry.npmjs.org/flexboxgrid/-/flexboxgrid-6.3.1.tgz",
      "integrity": "sha1-6ZiYr8B7cEdyK7galYpfuk1OIP0=",
      "dev": true
    },
    "tachyons": {
      "version": "git+https://github.com/tachyons-css/tachyons-verbose.git#e370000ac50fe4d6502d9a730d09efd2fadf556b",
      "dev": true
    }
  }
}
